
Microsoft Visual Studio Solution File, Format Version 12.00
# Visual Studio Version 17
VisualStudioVersion = 17.2.32602.215
MinimumVisualStudioVersion = 10.0.40219.1
Project("{9A19103F-16F7-4668-BE54-9A1E7A4F7556}") = "BankingAppMobile", "BankingAppMobile\BankingAppMobile\BankingAppMobile.csproj", "{E00074D6-B58C-43C2-9E3C-C7A6586FAF50}"
EndProject
Project("{FAE04EC0-301F-11D3-BF4B-00C04F79EFBC}") = "BankingAppMobile.Android", "BankingAppMobile\BankingAppMobile.Android\BankingAppMobile.Android.csproj", "{65E8962D-6182-441E-B51B-BDBCF74DAE4E}"
EndProject
Project("{FAE04EC0-301F-11D3-BF4B-00C04F79EFBC}") = "BankingAppMobile.iOS", "BankingAppMobile\BankingAppMobile.iOS\BankingAppMobile.iOS.csproj", "{4900B07F-01D4-4819-8C40-CE128232A329}"
EndProject
Project("{FAE04EC0-301F-11D3-BF4B-00C04F79EFBC}") = "BankingAppWebApi", "BankingAppWebApi\BankingAppWebApi.csproj", "{B5DD67F4-26EC-4850-B47C-E5105CABC066}"
EndProject
Global
	GlobalSection(SolutionConfigurationPlatforms) = preSolution
		Ad-Hoc|Any CPU = Ad-Hoc|Any CPU
		Ad-Hoc|iPhone = Ad-Hoc|iPhone
		Ad-Hoc|iPhoneSimulator = Ad-Hoc|iPhoneSimulator
		AppStore|Any CPU = AppStore|Any CPU
		AppStore|iPhone = AppStore|iPhone
		AppStore|iPhoneSimulator = AppStore|iPhoneSimulator
		Debug|Any CPU = Debug|Any CPU
		Debug|iPhone = Debug|iPhone
		Debug|iPhoneSimulator = Debug|iPhoneSimulator
		Release|Any CPU = Release|Any CPU
		Release|iPhone = Release|iPhone
		Release|iPhoneSimulator = Release|iPhoneSimulator
	EndGlobalSection
	GlobalSection(ProjectConfigurationPlatforms) = postSolution
		{E00074D6-B58C-43C2-9E3C-C7A6586FAF50}.Ad-Hoc|Any CPU.ActiveCfg = Debug|Any CPU
		{E00074D6-B58C-43C2-9E3C-C7A6586FAF50}.Ad-Hoc|Any CPU.Build.0 = Debug|Any CPU
		{E00074D6-B58C-43C2-9E3C-C7A6586FAF50}.Ad-Hoc|iPhone.ActiveCfg = Debug|Any CPU
		{E00074D6-B58C-43C2-9E3C-C7A6586FAF50}.Ad-Hoc|iPhone.Build.0 = Debug|Any CPU
		{E00074D6-B58C-43C2-9E3C-C7A6586FAF50}.Ad-Hoc|iPhoneSimulator.ActiveCfg = Debug|Any CPU
		{E00074D6-B58C-43C2-9E3C-C7A6586FAF50}.Ad-Hoc|iPhoneSimulator.Build.0 = Debug|Any CPU
		{E00074D6-B58C-43C2-9E3C-C7A6586FAF50}.AppStore|Any CPU.ActiveCfg = Debug|Any CPU
		{E00074D6-B58C-43C2-9E3C-C7A6586FAF50}.AppStore|Any CPU.Build.0 = Debug|Any CPU
		{E00074D6-B58C-43C2-9E3C-C7A6586FAF50}.AppStore|iPhone.ActiveCfg = Debug|Any CPU
		{E00074D6-B58C-43C2-9E3C-C7A6586FAF50}.AppStore|iPhone.Build.0 = Debug|Any CPU
		{E00074D6-B58C-43C2-9E3C-C7A6586FAF50}.AppStore|iPhoneSimulator.ActiveCfg = Debug|Any CPU
		{E00074D6-B58C-43C2-9E3C-C7A6586FAF50}.AppStore|iPhoneSimulator.Build.0 = Debug|Any CPU
		{E00074D6-B58C-43C2-9E3C-C7A6586FAF50}.Debug|Any CPU.ActiveCfg = Debug|Any CPU
		{E00074D6-B58C-43C2-9E3C-C7A6586FAF50}.Debug|Any CPU.Build.0 = Debug|Any CPU
		{E00074D6-B58C-43C2-9E3C-C7A6586FAF50}.Debug|iPhone.ActiveCfg = Debug|Any CPU
		{E00074D6-B58C-43C2-9E3C-C7A6586FAF50}.Debug|iPhone.Build.0 = Debug|Any CPU
		{E00074D6-B58C-43C2-9E3C-C7A6586FAF50}.Debug|iPhoneSimulator.ActiveCfg = Debug|Any CPU
		{E00074D6-B58C-43C2-9E3C-C7A6586FAF50}.Debug|iPhoneSimulator.Build.0 = Debug|Any CPU
		{E00074D6-B58C-43C2-9E3C-C7A6586FAF50}.Release|Any CPU.ActiveCfg = Release|Any CPU
		{E00074D6-B58C-43C2-9E3C-C7A6586FAF50}.Release|Any CPU.Build.0 = Release|Any CPU
		{E00074D6-B58C-43C2-9E3C-C7A6586FAF50}.Release|iPhone.ActiveCfg = Release|Any CPU
		{E00074D6-B58C-43C2-9E3C-C7A6586FAF50}.Release|iPhone.Build.0 = Release|Any CPU
		{E00074D6-B58C-43C2-9E3C-C7A6586FAF50}.Release|iPhoneSimulator.ActiveCfg = Release|Any CPU
		{E00074D6-B58C-43C2-9E3C-C7A6586FAF50}.Release|iPhoneSimulator.Build.0 = Release|Any CPU
		{65E8962D-6182-441E-B51B-BDBCF74DAE4E}.Ad-Hoc|Any CPU.ActiveCfg = Debug|Any CPU
		{65E8962D-6182-441E-B51B-BDBCF74DAE4E}.Ad-Hoc|Any CPU.Build.0 = Debug|Any CPU
		{65E8962D-6182-441E-B51B-BDBCF74DAE4E}.Ad-Hoc|Any CPU.Deploy.0 = Debug|Any CPU
		{65E8962D-6182-441E-B51B-BDBCF74DAE4E}.Ad-Hoc|iPhone.ActiveCfg = Debug|Any CPU
		{65E8962D-6182-441E-B51B-BDBCF74DAE4E}.Ad-Hoc|iPhone.Build.0 = Debug|Any CPU
		{65E8962D-6182-441E-B51B-BDBCF74DAE4E}.Ad-Hoc|iPhone.Deploy.0 = Debug|Any CPU
		{65E8962D-6182-441E-B51B-BDBCF74DAE4E}.Ad-Hoc|iPhoneSimulator.ActiveCfg = Debug|Any CPU
		{65E8962D-6182-441E-B51B-BDBCF74DAE4E}.Ad-Hoc|iPhoneSimulator.Build.0 = Debug|Any CPU
		{65E8962D-6182-441E-B51B-BDBCF74DAE4E}.Ad-Hoc|iPhoneSimulator.Deploy.0 = Debug|Any CPU
		{65E8962D-6182-441E-B51B-BDBCF74DAE4E}.AppStore|Any CPU.ActiveCfg = Debug|Any CPU
		{65E8962D-6182-441E-B51B-BDBCF74DAE4E}.AppStore|Any CPU.Build.0 = Debug|Any CPU
		{65E8962D-6182-441E-B51B-BDBCF74DAE4E}.AppStore|Any CPU.Deploy.0 = Debug|Any CPU
		{65E8962D-6182-441E-B51B-BDBCF74DAE4E}.AppStore|iPhone.ActiveCfg = Debug|Any CPU
		{65E8962D-6182-441E-B51B-BDBCF74DAE4E}.AppStore|iPhone.Build.0 = Debug|Any CPU
		{65E8962D-6182-441E-B51B-BDBCF74DAE4E}.AppStore|iPhone.Deploy.0 = Debug|Any CPU
		{65E8962D-6182-441E-B51B-BDBCF74DAE4E}.AppStore|iPhoneSimulator.ActiveCfg = Debug|Any CPU
		{65E8962D-6182-441E-B51B-BDBCF74DAE4E}.AppStore|iPhoneSimulator.Build.0 = Debug|Any CPU
		{65E8962D-6182-441E-B51B-BDBCF74DAE4E}.AppStore|iPhoneSimulator.Deploy.0 = Debug|Any CPU
		{65E8962D-6182-441E-B51B-BDBCF74DAE4E}.Debug|Any CPU.ActiveCfg = Debug|Any CPU
		{65E8962D-6182-441E-B51B-BDBCF74DAE4E}.Debug|Any CPU.Build.0 = Debug|Any CPU
		{65E8962D-6182-441E-B51B-BDBCF74DAE4E}.Debug|Any CPU.Deploy.0 = Debug|Any CPU
		{65E8962D-6182-441E-B51B-BDBCF74DAE4E}.Debug|iPhone.ActiveCfg = Debug|Any CPU
		{65E8962D-6182-441E-B51B-BDBCF74DAE4E}.Debug|iPhone.Build.0 = Debug|Any CPU
		{65E8962D-6182-441E-B51B-BDBCF74DAE4E}.Debug|iPhone.Deploy.0 = Debug|Any CPU
		{65E8962D-6182-441E-B51B-BDBCF74DAE4E}.Debug|iPhoneSimulator.ActiveCfg = Debug|Any CPU
		{65E8962D-6182-441E-B51B-BDBCF74DAE4E}.Debug|iPhoneSimulator.Build.0 = Debug|Any CPU
		{65E8962D-6182-441E-B51B-BDBCF74DAE4E}.Debug|iPhoneSimulator.Deploy.0 = Debug|Any CPU
		{65E8962D-6182-441E-B51B-BDBCF74DAE4E}.Release|Any CPU.ActiveCfg = Release|Any CPU
		{65E8962D-6182-441E-B51B-BDBCF74DAE4E}.Release|Any CPU.Build.0 = Release|Any CPU
		{65E8962D-6182-441E-B51B-BDBCF74DAE4E}.Release|Any CPU.Deploy.0 = Release|Any CPU
		{65E8962D-6182-441E-B51B-BDBCF74DAE4E}.Release|iPhone.ActiveCfg = Release|Any CPU
		{65E8962D-6182-441E-B51B-BDBCF74DAE4E}.Release|iPhone.Build.0 = Release|Any CPU
		{65E8962D-6182-441E-B51B-BDBCF74DAE4E}.Release|iPhone.Deploy.0 = Release|Any CPU
		{65E8962D-6182-441E-B51B-BDBCF74DAE4E}.Release|iPhoneSimulator.ActiveCfg = Release|Any CPU
		{65E8962D-6182-441E-B51B-BDBCF74DAE4E}.Release|iPhoneSimulator.Build.0 = Release|Any CPU
		{65E8962D-6182-441E-B51B-BDBCF74DAE4E}.Release|iPhoneSimulator.Deploy.0 = Release|Any CPU
		{4900B07F-01D4-4819-8C40-CE128232A329}.Ad-Hoc|Any CPU.ActiveCfg = Ad-Hoc|iPhoneSimulator
		{4900B07F-01D4-4819-8C40-CE128232A329}.Ad-Hoc|Any CPU.Build.0 = Ad-Hoc|iPhoneSimulator
		{4900B07F-01D4-4819-8C40-CE128232A329}.Ad-Hoc|iPhone.ActiveCfg = Ad-Hoc|iPhone
		{4900B07F-01D4-4819-8C40-CE128232A329}.Ad-Hoc|iPhone.Build.0 = Ad-Hoc|iPhone
		{4900B07F-01D4-4819-8C40-CE128232A329}.Ad-Hoc|iPhoneSimulator.ActiveCfg = Ad-Hoc|iPhoneSimulator
		{4900B07F-01D4-4819-8C40-CE128232A329}.Ad-Hoc|iPhoneSimulator.Build.0 = Ad-Hoc|iPhoneSimulator
		{4900B07F-01D4-4819-8C40-CE128232A329}.AppStore|Any CPU.ActiveCfg = AppStore|iPhoneSimulator
		{4900B07F-01D4-4819-8C40-CE128232A329}.AppStore|Any CPU.Build.0 = AppStore|iPhoneSimulator
		{4900B07F-01D4-4819-8C40-CE128232A329}.AppStore|iPhone.ActiveCfg = AppStore|iPhone
		{4900B07F-01D4-4819-8C40-CE128232A329}.AppStore|iPhone.Build.0 = AppStore|iPhone
		{4900B07F-01D4-4819-8C40-CE128232A329}.AppStore|iPhoneSimulator.ActiveCfg = AppStore|iPhoneSimulator
		{4900B07F-01D4-4819-8C40-CE128232A329}.AppStore|iPhoneSimulator.Build.0 = AppStore|iPhoneSimulator
		{4900B07F-01D4-4819-8C40-CE128232A329}.Debug|Any CPU.ActiveCfg = Debug|iPhoneSimulator
		{4900B07F-01D4-4819-8C40-CE128232A329}.Debug|Any CPU.Build.0 = Debug|iPhoneSimulator
		{4900B07F-01D4-4819-8C40-CE128232A329}.Debug|iPhone.ActiveCfg = Debug|iPhone
		{4900B07F-01D4-4819-8C40-CE128232A329}.Debug|iPhone.Build.0 = Debug|iPhone
		{4900B07F-01D4-4819-8C40-CE128232A329}.Debug|iPhoneSimulator.ActiveCfg = Debug|iPhoneSimulator
		{4900B07F-01D4-4819-8C40-CE128232A329}.Debug|iPhoneSimulator.Build.0 = Debug|iPhoneSimulator
		{4900B07F-01D4-4819-8C40-CE128232A329}.Release|Any CPU.ActiveCfg = Release|iPhoneSimulator
		{4900B07F-01D4-4819-8C40-CE128232A329}.Release|Any CPU.Build.0 = Release|iPhoneSimulator
		{4900B07F-01D4-4819-8C40-CE128232A329}.Release|iPhone.ActiveCfg = Release|iPhone
		{4900B07F-01D4-4819-8C40-CE128232A329}.Release|iPhone.Build.0 = Release|iPhone
		{4900B07F-01D4-4819-8C40-CE128232A329}.Release|iPhoneSimulator.ActiveCfg = Release|iPhoneSimulator
		{4900B07F-01D4-4819-8C40-CE128232A329}.Release|iPhoneSimulator.Build.0 = Release|iPhoneSimulator
		{B5DD67F4-26EC-4850-B47C-E5105CABC066}.Ad-Hoc|Any CPU.ActiveCfg = Debug|Any CPU
		{B5DD67F4-26EC-4850-B47C-E5105CABC066}.Ad-Hoc|Any CPU.Build.0 = Debug|Any CPU
		{B5DD67F4-26EC-4850-B47C-E5105CABC066}.Ad-Hoc|iPhone.ActiveCfg = Debug|Any CPU
		{B5DD67F4-26EC-4850-B47C-E5105CABC066}.Ad-Hoc|iPhone.Build.0 = Debug|Any CPU
		{B5DD67F4-26EC-4850-B47C-E5105CABC066}.Ad-Hoc|iPhoneSimulator.ActiveCfg = Debug|Any CPU
		{B5DD67F4-26EC-4850-B47C-E5105CABC066}.Ad-Hoc|iPhoneSimulator.Build.0 = Debug|Any CPU
		{B5DD67F4-26EC-4850-B47C-E5105CABC066}.AppStore|Any CPU.ActiveCfg = Debug|Any CPU
		{B5DD67F4-26EC-4850-B47C-E5105CABC066}.AppStore|Any CPU.Build.0 = Debug|Any CPU
		{B5DD67F4-26EC-4850-B47C-E5105CABC066}.AppStore|iPhone.ActiveCfg = Debug|Any CPU
		{B5DD67F4-26EC-4850-B47C-E5105CABC066}.AppStore|iPhone.Build.0 = Debug|Any CPU
		{B5DD67F4-26EC-4850-B47C-E5105CABC066}.AppStore|iPhoneSimulator.ActiveCfg = Debug|Any CPU
		{B5DD67F4-26EC-4850-B47C-E5105CABC066}.AppStore|iPhoneSimulator.Build.0 = Debug|Any CPU
		{B5DD67F4-26EC-4850-B47C-E5105CABC066}.Debug|Any CPU.ActiveCfg = Debug|Any CPU
		{B5DD67F4-26EC-4850-B47C-E5105CABC066}.Debug|Any CPU.Build.0 = Debug|Any CPU
		{B5DD67F4-26EC-4850-B47C-E5105CABC066}.Debug|iPhone.ActiveCfg = Debug|Any CPU
		{B5DD67F4-26EC-4850-B47C-E5105CABC066}.Debug|iPhone.Build.0 = Debug|Any CPU
		{B5DD67F4-26EC-4850-B47C-E5105CABC066}.Debug|iPhoneSimulator.ActiveCfg = Debug|Any CPU
		{B5DD67F4-26EC-4850-B47C-E5105CABC066}.Debug|iPhoneSimulator.Build.0 = Debug|Any CPU
		{B5DD67F4-26EC-4850-B47C-E5105CABC066}.Release|Any CPU.ActiveCfg = Release|Any CPU
		{B5DD67F4-26EC-4850-B47C-E5105CABC066}.Release|Any CPU.Build.0 = Release|Any CPU
		{B5DD67F4-26EC-4850-B47C-E5105CABC066}.Release|iPhone.ActiveCfg = Release|Any CPU
		{B5DD67F4-26EC-4850-B47C-E5105CABC066}.Release|iPhone.Build.0 = Release|Any CPU
		{B5DD67F4-26EC-4850-B47C-E5105CABC066}.Release|iPhoneSimulator.ActiveCfg = Release|Any CPU
		{B5DD67F4-26EC-4850-B47C-E5105CABC066}.Release|iPhoneSimulator.Build.0 = Release|Any CPU
	EndGlobalSection
	GlobalSection(SolutionProperties) = preSolution
		HideSolutionNode = FALSE
	EndGlobalSection
	GlobalSection(ExtensibilityGlobals) = postSolution
		SolutionGuid = {FA839677-FB33-4753-8EC4-001F53E37473}
	EndGlobalSection
EndGlobal
